
Microsoft Visual Studio Solution File, Format Version 12.00
# Visual Studio Version 17
VisualStudioVersion = 17.13.35931.197
MinimumVisualStudioVersion = 10.0.40219.1
Project("{FAE04EC0-301F-11D3-BF4B-00C04F79EFBC}") = "BasicTextFile", "BasicTextFile\BasicTextFile.csproj", "{3011238E-9AD8-4CAF-859A-E706EDDEE6F1}"
EndProject
Project("{FAE04EC0-301F-11D3-BF4B-00C04F79EFBC}") = "LoggingWithStreamWriter", "LoggingwithStreamwriter\LoggingWithStreamWriter.csproj", "{9ED8341D-8498-4492-8A33-E2E162C4B4B9}"
EndProject
Global
	GlobalSection(SolutionConfigurationPlatforms) = preSolution
		Debug|Any CPU = Debug|Any CPU
		Release|Any CPU = Release|Any CPU
	EndGlobalSection
	GlobalSection(ProjectConfigurationPlatforms) = postSolution
		{3011238E-9AD8-4CAF-859A-E706EDDEE6F1}.Debug|Any CPU.ActiveCfg = Debug|Any CPU
		{3011238E-9AD8-4CAF-859A-E706EDDEE6F1}.Debug|Any CPU.Build.0 = Debug|Any CPU
		{3011238E-9AD8-4CAF-859A-E706EDDEE6F1}.Release|Any CPU.ActiveCfg = Release|Any CPU
		{3011238E-9AD8-4CAF-859A-E706EDDEE6F1}.Release|Any CPU.Build.0 = Release|Any CPU
		{9ED8341D-8498-4492-8A33-E2E162C4B4B9}.Debug|Any CPU.ActiveCfg = Debug|Any CPU
		{9ED8341D-8498-4492-8A33-E2E162C4B4B9}.Debug|Any CPU.Build.0 = Debug|Any CPU
		{9ED8341D-8498-4492-8A33-E2E162C4B4B9}.Release|Any CPU.ActiveCfg = Release|Any CPU
		{9ED8341D-8498-4492-8A33-E2E162C4B4B9}.Release|Any CPU.Build.0 = Release|Any CPU
	EndGlobalSection
	GlobalSection(SolutionProperties) = preSolution
		HideSolutionNode = FALSE
	EndGlobalSection
	GlobalSection(ExtensibilityGlobals) = postSolution
		SolutionGuid = {067217B3-C470-48BE-BF2F-AE6D1F4E08A6}
	EndGlobalSection
EndGlobal
